# Pinned direct dependencies for reproducible installs in local/CI.
# Generated from the currently running production image (runtime deps)
# plus local dev toolchain versions (dev deps).
#
# Usage:
#   python -m pip install -e '.[dev]' -c requirements.lock

# Runtime
aiogram==3.29.1
alembic==1.18.5
asyncpg==0.31.0
fastapi==0.139.0
grpcio==1.82.1
httpx==0.28.1
prometheus-client==0.25.0
protobuf==7.35.1
psycopg==3.3.4
psycopg-binary==3.3.4
pydantic==2.13.4
pydantic-settings==2.14.2
python-dateutil==2.9.0.post0
PyYAML==6.0.3
qrcode==8.2
SQLAlchemy==2.0.51
uvicorn==0.51.0

# Dev
grpcio-tools==1.82.1
pytest==9.1.1
pytest-asyncio==1.4.0
ruff==0.15.21
